
Microsoft Visual Studio Solution File, Format Version 12.00
# Visual Studio Version 17
VisualStudioVersion = 17.8.34316.72
MinimumVisualStudioVersion = 10.0.40219.1
Project("{FAE04EC0-301F-11D3-BF4B-00C04F79EFBC}") = "SonarQubeSPIKE", "SonarQubeSPIKE.csproj", "{BED1088B-7D04-4D29-9AEB-854F87EC2C04}"
EndProject
Global
	GlobalSection(SolutionConfigurationPlatforms) = preSolution
		Debug|Any CPU = Debug|Any CPU
		Release|Any CPU = Release|Any CPU
	EndGlobalSection
	GlobalSection(ProjectConfigurationPlatforms) = postSolution
		{BED1088B-7D04-4D29-9AEB-854F87EC2C04}.Debug|Any CPU.ActiveCfg = Debug|Any CPU
		{BED1088B-7D04-4D29-9AEB-854F87EC2C04}.Debug|Any CPU.Build.0 = Debug|Any CPU
		{BED1088B-7D04-4D29-9AEB-854F87EC2C04}.Release|Any CPU.ActiveCfg = Release|Any CPU
		{BED1088B-7D04-4D29-9AEB-854F87EC2C04}.Release|Any CPU.Build.0 = Release|Any CPU
	EndGlobalSection
	GlobalSection(SolutionProperties) = preSolution
		HideSolutionNode = FALSE
	EndGlobalSection
	GlobalSection(ExtensibilityGlobals) = postSolution
		SolutionGuid = {B7FE094D-2229-46A2-91F8-856EAD54E4AE}
	EndGlobalSection
EndGlobal
